
Microsoft Visual Studio Solution File, Format Version 12.00
# Visual Studio Version 16
VisualStudioVersion = 16.0.30804.86
MinimumVisualStudioVersion = 10.0.40219.1
Project("{9A19103F-16F7-4668-BE54-9A1E7A4F7556}") = "AsteroidGame", "AsteroidGame\AsteroidGame.csproj", "{4B80C8FD-477F-4850-8E2F-1A77E9C64BF4}"
EndProject
Project("{2150E333-8FDC-42A3-9474-1A3956D46DE8}") = "Tests", "Tests", "{45D6184B-79EF-41D1-8DF2-823746F00B4B}"
EndProject
Project("{9A19103F-16F7-4668-BE54-9A1E7A4F7556}") = "ConsoleTest", "Tests\ConsoleTest\ConsoleTest.csproj", "{B284D520-59F7-43CA-9133-8395D4A556D7}"
EndProject
Project("{2150E333-8FDC-42A3-9474-1A3956D46DE8}") = "Managment", "Managment", "{8C2B2579-D389-4123-AC15-922D18825B7F}"
EndProject
Project("{9A19103F-16F7-4668-BE54-9A1E7A4F7556}") = "PlayersManagmentWinForms", "Managment\PlayersManagmentWinForms\PlayersManagmentWinForms.csproj", "{78EC8D32-40D6-496F-BF66-AF5C0F709794}"
EndProject
Project("{9A19103F-16F7-4668-BE54-9A1E7A4F7556}") = "PlayersManagmentWPF", "Managment\PlayersManagmentWPF\PlayersManagmentWPF.csproj", "{252BDAFA-78BB-41D8-8862-E7C170553D09}"
EndProject
Project("{9A19103F-16F7-4668-BE54-9A1E7A4F7556}") = "DatabaseManagment", "Managment\DatabaseManagment\DatabaseManagment.csproj", "{F5E5BDEF-73FF-487E-9F51-B63DCEEFDC01}"
EndProject
Project("{2150E333-8FDC-42A3-9474-1A3956D46DE8}") = "Services", "Services", "{05AF5E74-519B-491B-A9D4-3D7519907470}"
EndProject
Project("{FAE04EC0-301F-11D3-BF4B-00C04F79EFBC}") = "AsteroidGame.WebAPI", "Services\AsteroidGame.WebAPI\AsteroidGame.WebAPI.csproj", "{A24FEEEB-B589-4D2D-BFBE-9204E8D400CC}"
EndProject
Global
	GlobalSection(SolutionConfigurationPlatforms) = preSolution
		Debug|Any CPU = Debug|Any CPU
		Release|Any CPU = Release|Any CPU
	EndGlobalSection
	GlobalSection(ProjectConfigurationPlatforms) = postSolution
		{4B80C8FD-477F-4850-8E2F-1A77E9C64BF4}.Debug|Any CPU.ActiveCfg = Debug|Any CPU
		{4B80C8FD-477F-4850-8E2F-1A77E9C64BF4}.Debug|Any CPU.Build.0 = Debug|Any CPU
		{4B80C8FD-477F-4850-8E2F-1A77E9C64BF4}.Release|Any CPU.ActiveCfg = Release|Any CPU
		{4B80C8FD-477F-4850-8E2F-1A77E9C64BF4}.Release|Any CPU.Build.0 = Release|Any CPU
		{B284D520-59F7-43CA-9133-8395D4A556D7}.Debug|Any CPU.ActiveCfg = Debug|Any CPU
		{B284D520-59F7-43CA-9133-8395D4A556D7}.Debug|Any CPU.Build.0 = Debug|Any CPU
		{B284D520-59F7-43CA-9133-8395D4A556D7}.Release|Any CPU.ActiveCfg = Release|Any CPU
		{B284D520-59F7-43CA-9133-8395D4A556D7}.Release|Any CPU.Build.0 = Release|Any CPU
		{78EC8D32-40D6-496F-BF66-AF5C0F709794}.Debug|Any CPU.ActiveCfg = Debug|Any CPU
		{78EC8D32-40D6-496F-BF66-AF5C0F709794}.Debug|Any CPU.Build.0 = Debug|Any CPU
		{78EC8D32-40D6-496F-BF66-AF5C0F709794}.Release|Any CPU.ActiveCfg = Release|Any CPU
		{78EC8D32-40D6-496F-BF66-AF5C0F709794}.Release|Any CPU.Build.0 = Release|Any CPU
		{252BDAFA-78BB-41D8-8862-E7C170553D09}.Debug|Any CPU.ActiveCfg = Debug|Any CPU
		{252BDAFA-78BB-41D8-8862-E7C170553D09}.Debug|Any CPU.Build.0 = Debug|Any CPU
		{252BDAFA-78BB-41D8-8862-E7C170553D09}.Release|Any CPU.ActiveCfg = Release|Any CPU
		{252BDAFA-78BB-41D8-8862-E7C170553D09}.Release|Any CPU.Build.0 = Release|Any CPU
		{F5E5BDEF-73FF-487E-9F51-B63DCEEFDC01}.Debug|Any CPU.ActiveCfg = Debug|Any CPU
		{F5E5BDEF-73FF-487E-9F51-B63DCEEFDC01}.Debug|Any CPU.Build.0 = Debug|Any CPU
		{F5E5BDEF-73FF-487E-9F51-B63DCEEFDC01}.Release|Any CPU.ActiveCfg = Release|Any CPU
		{F5E5BDEF-73FF-487E-9F51-B63DCEEFDC01}.Release|Any CPU.Build.0 = Release|Any CPU
		{A24FEEEB-B589-4D2D-BFBE-9204E8D400CC}.Debug|Any CPU.ActiveCfg = Debug|Any CPU
		{A24FEEEB-B589-4D2D-BFBE-9204E8D400CC}.Debug|Any CPU.Build.0 = Debug|Any CPU
		{A24FEEEB-B589-4D2D-BFBE-9204E8D400CC}.Release|Any CPU.ActiveCfg = Release|Any CPU
		{A24FEEEB-B589-4D2D-BFBE-9204E8D400CC}.Release|Any CPU.Build.0 = Release|Any CPU
	EndGlobalSection
	GlobalSection(SolutionProperties) = preSolution
		HideSolutionNode = FALSE
	EndGlobalSection
	GlobalSection(NestedProjects) = preSolution
		{B284D520-59F7-43CA-9133-8395D4A556D7} = {45D6184B-79EF-41D1-8DF2-823746F00B4B}
		{78EC8D32-40D6-496F-BF66-AF5C0F709794} = {8C2B2579-D389-4123-AC15-922D18825B7F}
		{252BDAFA-78BB-41D8-8862-E7C170553D09} = {8C2B2579-D389-4123-AC15-922D18825B7F}
		{F5E5BDEF-73FF-487E-9F51-B63DCEEFDC01} = {8C2B2579-D389-4123-AC15-922D18825B7F}
		{A24FEEEB-B589-4D2D-BFBE-9204E8D400CC} = {05AF5E74-519B-491B-A9D4-3D7519907470}
	EndGlobalSection
	GlobalSection(ExtensibilityGlobals) = postSolution
		SolutionGuid = {AC9648B8-E364-4298-BFE2-763F614931EB}
	EndGlobalSection
EndGlobal
